
Microsoft Visual Studio Solution File, Format Version 12.00
# Visual Studio Version 16
VisualStudioVersion = 16.0.31410.357
MinimumVisualStudioVersion = 10.0.40219.1
Project("{FAE04EC0-301F-11D3-BF4B-00C04F79EFBC}") = "MappingDemo", "MappingDemo\MappingDemo.csproj", "{6F16AC52-E325-4CE0-B125-07641FA449D3}"
EndProject
Global
	GlobalSection(SolutionConfigurationPlatforms) = preSolution
		Debug|Any CPU = Debug|Any CPU
		Release|Any CPU = Release|Any CPU
	EndGlobalSection
	GlobalSection(ProjectConfigurationPlatforms) = postSolution
		{6F16AC52-E325-4CE0-B125-07641FA449D3}.Debug|Any CPU.ActiveCfg = Debug|Any CPU
		{6F16AC52-E325-4CE0-B125-07641FA449D3}.Debug|Any CPU.Build.0 = Debug|Any CPU
		{6F16AC52-E325-4CE0-B125-07641FA449D3}.Release|Any CPU.ActiveCfg = Release|Any CPU
		{6F16AC52-E325-4CE0-B125-07641FA449D3}.Release|Any CPU.Build.0 = Release|Any CPU
	EndGlobalSection
	GlobalSection(SolutionProperties) = preSolution
		HideSolutionNode = FALSE
	EndGlobalSection
	GlobalSection(ExtensibilityGlobals) = postSolution
		SolutionGuid = {844431AA-CDAA-4AE8-A758-FB3BFA6877EC}
	EndGlobalSection
EndGlobal
